
Microsoft Visual Studio Solution File, Format Version 12.00
# Visual Studio Version 16
VisualStudioVersion = 16.0.30611.23
MinimumVisualStudioVersion = 10.0.40219.1
Project("{FAE04EC0-301F-11D3-BF4B-00C04F79EFBC}") = "Csharp.TratamentoExcecao01", "Csharp.TratamentoExcecao01\Csharp.TratamentoExcecao01.csproj", "{6F418C9D-B080-4974-8FA3-D55EA22C2F42}"
EndProject
Global
	GlobalSection(SolutionConfigurationPlatforms) = preSolution
		Debug|Any CPU = Debug|Any CPU
		Release|Any CPU = Release|Any CPU
	EndGlobalSection
	GlobalSection(ProjectConfigurationPlatforms) = postSolution
		{6F418C9D-B080-4974-8FA3-D55EA22C2F42}.Debug|Any CPU.ActiveCfg = Debug|Any CPU
		{6F418C9D-B080-4974-8FA3-D55EA22C2F42}.Debug|Any CPU.Build.0 = Debug|Any CPU
		{6F418C9D-B080-4974-8FA3-D55EA22C2F42}.Release|Any CPU.ActiveCfg = Release|Any CPU
		{6F418C9D-B080-4974-8FA3-D55EA22C2F42}.Release|Any CPU.Build.0 = Release|Any CPU
	EndGlobalSection
	GlobalSection(SolutionProperties) = preSolution
		HideSolutionNode = FALSE
	EndGlobalSection
	GlobalSection(ExtensibilityGlobals) = postSolution
		SolutionGuid = {29FC2261-08D0-4A87-9856-2C24C25F2A64}
	EndGlobalSection
EndGlobal
