
Microsoft Visual Studio Solution File, Format Version 12.00
# Visual Studio Version 16
VisualStudioVersion = 16.0.30413.136
MinimumVisualStudioVersion = 10.0.40219.1
Project("{9A19103F-16F7-4668-BE54-9A1E7A4F7556}") = "Csharp.Interface_heranca", "Csharp.Interface_heranca.csproj", "{2EDED4F3-4268-4619-AFD7-4CF6A1FC4CBC}"
EndProject
Global
	GlobalSection(SolutionConfigurationPlatforms) = preSolution
		Debug|Any CPU = Debug|Any CPU
		Release|Any CPU = Release|Any CPU
	EndGlobalSection
	GlobalSection(ProjectConfigurationPlatforms) = postSolution
		{2EDED4F3-4268-4619-AFD7-4CF6A1FC4CBC}.Debug|Any CPU.ActiveCfg = Debug|Any CPU
		{2EDED4F3-4268-4619-AFD7-4CF6A1FC4CBC}.Debug|Any CPU.Build.0 = Debug|Any CPU
		{2EDED4F3-4268-4619-AFD7-4CF6A1FC4CBC}.Release|Any CPU.ActiveCfg = Release|Any CPU
		{2EDED4F3-4268-4619-AFD7-4CF6A1FC4CBC}.Release|Any CPU.Build.0 = Release|Any CPU
	EndGlobalSection
	GlobalSection(SolutionProperties) = preSolution
		HideSolutionNode = FALSE
	EndGlobalSection
	GlobalSection(ExtensibilityGlobals) = postSolution
		SolutionGuid = {D7C3EF77-C3C2-42CF-8060-4396C979FB2D}
	EndGlobalSection
EndGlobal
