
Microsoft Visual Studio Solution File, Format Version 12.00
# Visual Studio Version 16
VisualStudioVersion = 16.0.30413.136
MinimumVisualStudioVersion = 10.0.40219.1
Project("{FAE04EC0-301F-11D3-BF4B-00C04F79EFBC}") = "Csharp.Curso.Exe3", "Csharp.Curso.Exe3\Csharp.Curso.Exe3.csproj", "{35D6F2AD-A971-4D1F-B647-07E1B41F8A2D}"
EndProject
Global
	GlobalSection(SolutionConfigurationPlatforms) = preSolution
		Debug|Any CPU = Debug|Any CPU
		Release|Any CPU = Release|Any CPU
	EndGlobalSection
	GlobalSection(ProjectConfigurationPlatforms) = postSolution
		{35D6F2AD-A971-4D1F-B647-07E1B41F8A2D}.Debug|Any CPU.ActiveCfg = Debug|Any CPU
		{35D6F2AD-A971-4D1F-B647-07E1B41F8A2D}.Debug|Any CPU.Build.0 = Debug|Any CPU
		{35D6F2AD-A971-4D1F-B647-07E1B41F8A2D}.Release|Any CPU.ActiveCfg = Release|Any CPU
		{35D6F2AD-A971-4D1F-B647-07E1B41F8A2D}.Release|Any CPU.Build.0 = Release|Any CPU
	EndGlobalSection
	GlobalSection(SolutionProperties) = preSolution
		HideSolutionNode = FALSE
	EndGlobalSection
	GlobalSection(ExtensibilityGlobals) = postSolution
		SolutionGuid = {7DFC9456-5058-4E3E-81E1-2CB9D48FB1F4}
	EndGlobalSection
EndGlobal
