
Microsoft Visual Studio Solution File, Format Version 12.00
# Visual Studio Version 16
VisualStudioVersion = 16.0.30413.136
MinimumVisualStudioVersion = 10.0.40219.1
Project("{FAE04EC0-301F-11D3-BF4B-00C04F79EFBC}") = "Csharp.Curso.Listas", "Csharp.Curso.Listas\Csharp.Curso.Listas.csproj", "{045E456D-3444-43CE-8E9D-BD95ADE2019B}"
EndProject
Global
	GlobalSection(SolutionConfigurationPlatforms) = preSolution
		Debug|Any CPU = Debug|Any CPU
		Release|Any CPU = Release|Any CPU
	EndGlobalSection
	GlobalSection(ProjectConfigurationPlatforms) = postSolution
		{045E456D-3444-43CE-8E9D-BD95ADE2019B}.Debug|Any CPU.ActiveCfg = Debug|Any CPU
		{045E456D-3444-43CE-8E9D-BD95ADE2019B}.Debug|Any CPU.Build.0 = Debug|Any CPU
		{045E456D-3444-43CE-8E9D-BD95ADE2019B}.Release|Any CPU.ActiveCfg = Release|Any CPU
		{045E456D-3444-43CE-8E9D-BD95ADE2019B}.Release|Any CPU.Build.0 = Release|Any CPU
	EndGlobalSection
	GlobalSection(SolutionProperties) = preSolution
		HideSolutionNode = FALSE
	EndGlobalSection
	GlobalSection(ExtensibilityGlobals) = postSolution
		SolutionGuid = {8D7BAD57-DAF6-42BB-B626-C86E137E4BCA}
	EndGlobalSection
EndGlobal
