
Microsoft Visual Studio Solution File, Format Version 12.00
# Visual Studio Version 16
VisualStudioVersion = 16.0.30413.136
MinimumVisualStudioVersion = 10.0.40219.1
Project("{FAE04EC0-301F-11D3-BF4B-00C04F79EFBC}") = "Csharp.Projeto.Imposto_DesignPatterns", "Csharp.Projeto.Imposto_DesignPatterns\Csharp.Projeto.Imposto_DesignPatterns.csproj", "{1A7C0C15-237D-4E07-89A7-7C6B5577C1EB}"
EndProject
Global
	GlobalSection(SolutionConfigurationPlatforms) = preSolution
		Debug|Any CPU = Debug|Any CPU
		Release|Any CPU = Release|Any CPU
	EndGlobalSection
	GlobalSection(ProjectConfigurationPlatforms) = postSolution
		{1A7C0C15-237D-4E07-89A7-7C6B5577C1EB}.Debug|Any CPU.ActiveCfg = Debug|Any CPU
		{1A7C0C15-237D-4E07-89A7-7C6B5577C1EB}.Debug|Any CPU.Build.0 = Debug|Any CPU
		{1A7C0C15-237D-4E07-89A7-7C6B5577C1EB}.Release|Any CPU.ActiveCfg = Release|Any CPU
		{1A7C0C15-237D-4E07-89A7-7C6B5577C1EB}.Release|Any CPU.Build.0 = Release|Any CPU
	EndGlobalSection
	GlobalSection(SolutionProperties) = preSolution
		HideSolutionNode = FALSE
	EndGlobalSection
	GlobalSection(ExtensibilityGlobals) = postSolution
		SolutionGuid = {44139A59-5E43-4C6B-8CDF-8422297A96F0}
	EndGlobalSection
EndGlobal
