
Microsoft Visual Studio Solution File, Format Version 12.00
# Visual Studio Version 16
VisualStudioVersion = 16.0.30413.136
MinimumVisualStudioVersion = 10.0.40219.1
Project("{FAE04EC0-301F-11D3-BF4B-00C04F79EFBC}") = "Csharp.Curso.ModifParamRefOut", "Csharp.Curso.ModifParamRefOut\Csharp.Curso.ModifParamRefOut.csproj", "{4EE64B8B-3140-46C1-AFA5-BB01D14C8C38}"
EndProject
Global
	GlobalSection(SolutionConfigurationPlatforms) = preSolution
		Debug|Any CPU = Debug|Any CPU
		Release|Any CPU = Release|Any CPU
	EndGlobalSection
	GlobalSection(ProjectConfigurationPlatforms) = postSolution
		{4EE64B8B-3140-46C1-AFA5-BB01D14C8C38}.Debug|Any CPU.ActiveCfg = Debug|Any CPU
		{4EE64B8B-3140-46C1-AFA5-BB01D14C8C38}.Debug|Any CPU.Build.0 = Debug|Any CPU
		{4EE64B8B-3140-46C1-AFA5-BB01D14C8C38}.Release|Any CPU.ActiveCfg = Release|Any CPU
		{4EE64B8B-3140-46C1-AFA5-BB01D14C8C38}.Release|Any CPU.Build.0 = Release|Any CPU
	EndGlobalSection
	GlobalSection(SolutionProperties) = preSolution
		HideSolutionNode = FALSE
	EndGlobalSection
	GlobalSection(ExtensibilityGlobals) = postSolution
		SolutionGuid = {2276478B-378E-4355-B0E1-03FA18BB4314}
	EndGlobalSection
EndGlobal
