
Microsoft Visual Studio Solution File, Format Version 12.00
# Visual Studio Version 16
VisualStudioVersion = 16.0.30413.136
MinimumVisualStudioVersion = 10.0.40219.1
Project("{FAE04EC0-301F-11D3-BF4B-00C04F79EFBC}") = "Csharp.ManagerProduto", "Csharp.ManagerProduto\Csharp.ManagerProduto.csproj", "{EB509295-E0FC-4234-9461-2682322334BE}"
EndProject
Global
	GlobalSection(SolutionConfigurationPlatforms) = preSolution
		Debug|Any CPU = Debug|Any CPU
		Release|Any CPU = Release|Any CPU
	EndGlobalSection
	GlobalSection(ProjectConfigurationPlatforms) = postSolution
		{EB509295-E0FC-4234-9461-2682322334BE}.Debug|Any CPU.ActiveCfg = Debug|Any CPU
		{EB509295-E0FC-4234-9461-2682322334BE}.Debug|Any CPU.Build.0 = Debug|Any CPU
		{EB509295-E0FC-4234-9461-2682322334BE}.Release|Any CPU.ActiveCfg = Release|Any CPU
		{EB509295-E0FC-4234-9461-2682322334BE}.Release|Any CPU.Build.0 = Release|Any CPU
	EndGlobalSection
	GlobalSection(SolutionProperties) = preSolution
		HideSolutionNode = FALSE
	EndGlobalSection
	GlobalSection(ExtensibilityGlobals) = postSolution
		SolutionGuid = {1DC3ABAB-18EE-4232-B075-8CC6217A5442}
	EndGlobalSection
EndGlobal
