
Microsoft Visual Studio Solution File, Format Version 12.00
# Visual Studio Version 16
VisualStudioVersion = 16.0.30413.136
MinimumVisualStudioVersion = 10.0.40219.1
Project("{FAE04EC0-301F-11D3-BF4B-00C04F79EFBC}") = "Curso1", "Curso1\Curso1.csproj", "{C5C8B2CA-0A61-4B8C-80DC-52152E073F28}"
EndProject
Global
	GlobalSection(SolutionConfigurationPlatforms) = preSolution
		Debug|Any CPU = Debug|Any CPU
		Release|Any CPU = Release|Any CPU
	EndGlobalSection
	GlobalSection(ProjectConfigurationPlatforms) = postSolution
		{C5C8B2CA-0A61-4B8C-80DC-52152E073F28}.Debug|Any CPU.ActiveCfg = Debug|Any CPU
		{C5C8B2CA-0A61-4B8C-80DC-52152E073F28}.Debug|Any CPU.Build.0 = Debug|Any CPU
		{C5C8B2CA-0A61-4B8C-80DC-52152E073F28}.Release|Any CPU.ActiveCfg = Release|Any CPU
		{C5C8B2CA-0A61-4B8C-80DC-52152E073F28}.Release|Any CPU.Build.0 = Release|Any CPU
	EndGlobalSection
	GlobalSection(SolutionProperties) = preSolution
		HideSolutionNode = FALSE
	EndGlobalSection
	GlobalSection(ExtensibilityGlobals) = postSolution
		SolutionGuid = {6A03AC0D-03EC-45D4-9964-2BD4F90DDD79}
	EndGlobalSection
EndGlobal
