
Microsoft Visual Studio Solution File, Format Version 12.00
# Visual Studio Version 16
VisualStudioVersion = 16.0.30413.136
MinimumVisualStudioVersion = 10.0.40219.1
Project("{FAE04EC0-301F-11D3-BF4B-00C04F79EFBC}") = "Csharp.Curso.Exe2", "Csharp.Curso.Exe2\Csharp.Curso.Exe2.csproj", "{C534152F-B3C8-4F54-96F4-CEB185B6DABD}"
EndProject
Global
	GlobalSection(SolutionConfigurationPlatforms) = preSolution
		Debug|Any CPU = Debug|Any CPU
		Release|Any CPU = Release|Any CPU
	EndGlobalSection
	GlobalSection(ProjectConfigurationPlatforms) = postSolution
		{C534152F-B3C8-4F54-96F4-CEB185B6DABD}.Debug|Any CPU.ActiveCfg = Debug|Any CPU
		{C534152F-B3C8-4F54-96F4-CEB185B6DABD}.Debug|Any CPU.Build.0 = Debug|Any CPU
		{C534152F-B3C8-4F54-96F4-CEB185B6DABD}.Release|Any CPU.ActiveCfg = Release|Any CPU
		{C534152F-B3C8-4F54-96F4-CEB185B6DABD}.Release|Any CPU.Build.0 = Release|Any CPU
	EndGlobalSection
	GlobalSection(SolutionProperties) = preSolution
		HideSolutionNode = FALSE
	EndGlobalSection
	GlobalSection(ExtensibilityGlobals) = postSolution
		SolutionGuid = {EB6D5A96-7789-480A-B225-2B902ED1EA83}
	EndGlobalSection
EndGlobal
