
Microsoft Visual Studio Solution File, Format Version 12.00
# Visual Studio Version 16
VisualStudioVersion = 16.0.30413.136
MinimumVisualStudioVersion = 10.0.40219.1
Project("{FAE04EC0-301F-11D3-BF4B-00C04F79EFBC}") = "Csharp.Curso.Calculadora", "Csharp.Curso.Calculadora\Csharp.Curso.Calculadora.csproj", "{00951904-3859-4641-9F60-A0674AD5FAB4}"
EndProject
Global
	GlobalSection(SolutionConfigurationPlatforms) = preSolution
		Debug|Any CPU = Debug|Any CPU
		Release|Any CPU = Release|Any CPU
	EndGlobalSection
	GlobalSection(ProjectConfigurationPlatforms) = postSolution
		{00951904-3859-4641-9F60-A0674AD5FAB4}.Debug|Any CPU.ActiveCfg = Debug|Any CPU
		{00951904-3859-4641-9F60-A0674AD5FAB4}.Debug|Any CPU.Build.0 = Debug|Any CPU
		{00951904-3859-4641-9F60-A0674AD5FAB4}.Release|Any CPU.ActiveCfg = Release|Any CPU
		{00951904-3859-4641-9F60-A0674AD5FAB4}.Release|Any CPU.Build.0 = Release|Any CPU
	EndGlobalSection
	GlobalSection(SolutionProperties) = preSolution
		HideSolutionNode = FALSE
	EndGlobalSection
	GlobalSection(ExtensibilityGlobals) = postSolution
		SolutionGuid = {BA7DC7A9-277E-4EA5-89E8-4FE78AB4E7DF}
	EndGlobalSection
EndGlobal
